
Microsoft Visual Studio Solution File, Format Version 12.00
# Visual Studio Version 17
VisualStudioVersion = 17.8.34330.188
MinimumVisualStudioVersion = 10.0.40219.1
Project("{9A19103F-16F7-4668-BE54-9A1E7A4F7556}") = "JwtAuthentication.WebAPI", "JwtAuthentication.WebAPI\JwtAuthentication.WebAPI.csproj", "{EFDF9AAE-9EB5-4EF3-BE97-406C2D412A1E}"
EndProject
Project("{FAE04EC0-301F-11D3-BF4B-00C04F79EFBC}") = "JwtAuthentication.DataAccess.Common", "JwtAuthentication.DataAccess.Common\JwtAuthentication.DataAccess.Common.csproj", "{353EC8DA-8547-4036-AD09-B6D125342193}"
EndProject
Project("{FAE04EC0-301F-11D3-BF4B-00C04F79EFBC}") = "JwtAuthentication.DataAccess", "JwtAuthentication.DataAccess\JwtAuthentication.DataAccess.csproj", "{40601386-5AAA-47CC-A1B5-C81B57FAD579}"
EndProject
Global
	GlobalSection(SolutionConfigurationPlatforms) = preSolution
		Debug|Any CPU = Debug|Any CPU
		Release|Any CPU = Release|Any CPU
	EndGlobalSection
	GlobalSection(ProjectConfigurationPlatforms) = postSolution
		{EFDF9AAE-9EB5-4EF3-BE97-406C2D412A1E}.Debug|Any CPU.ActiveCfg = Debug|Any CPU
		{EFDF9AAE-9EB5-4EF3-BE97-406C2D412A1E}.Debug|Any CPU.Build.0 = Debug|Any CPU
		{EFDF9AAE-9EB5-4EF3-BE97-406C2D412A1E}.Release|Any CPU.ActiveCfg = Release|Any CPU
		{EFDF9AAE-9EB5-4EF3-BE97-406C2D412A1E}.Release|Any CPU.Build.0 = Release|Any CPU
		{353EC8DA-8547-4036-AD09-B6D125342193}.Debug|Any CPU.ActiveCfg = Debug|Any CPU
		{353EC8DA-8547-4036-AD09-B6D125342193}.Debug|Any CPU.Build.0 = Debug|Any CPU
		{353EC8DA-8547-4036-AD09-B6D125342193}.Release|Any CPU.ActiveCfg = Release|Any CPU
		{353EC8DA-8547-4036-AD09-B6D125342193}.Release|Any CPU.Build.0 = Release|Any CPU
		{40601386-5AAA-47CC-A1B5-C81B57FAD579}.Debug|Any CPU.ActiveCfg = Debug|Any CPU
		{40601386-5AAA-47CC-A1B5-C81B57FAD579}.Debug|Any CPU.Build.0 = Debug|Any CPU
		{40601386-5AAA-47CC-A1B5-C81B57FAD579}.Release|Any CPU.ActiveCfg = Release|Any CPU
		{40601386-5AAA-47CC-A1B5-C81B57FAD579}.Release|Any CPU.Build.0 = Release|Any CPU
	EndGlobalSection
	GlobalSection(SolutionProperties) = preSolution
		HideSolutionNode = FALSE
	EndGlobalSection
	GlobalSection(ExtensibilityGlobals) = postSolution
		SolutionGuid = {01DCA860-4440-451A-920E-E7109D5EFFF7}
	EndGlobalSection
EndGlobal
